
Microsoft Visual Studio Solution File, Format Version 12.00
# Visual Studio Version 17
VisualStudioVersion = 17.5.002.0
MinimumVisualStudioVersion = 10.0.40219.1
Project("{9A19103F-16F7-4668-BE54-9A1E7A4F7556}") = "ExoticBirdsAPI", "ExoticBirdsAPI.csproj", "{EAE1044C-6E2A-4319-9D83-844B6E57C743}"
EndProject
Global
	GlobalSection(SolutionConfigurationPlatforms) = preSolution
		Debug|Any CPU = Debug|Any CPU
		Release|Any CPU = Release|Any CPU
	EndGlobalSection
	GlobalSection(ProjectConfigurationPlatforms) = postSolution
		{EAE1044C-6E2A-4319-9D83-844B6E57C743}.Debug|Any CPU.ActiveCfg = Debug|Any CPU
		{EAE1044C-6E2A-4319-9D83-844B6E57C743}.Debug|Any CPU.Build.0 = Debug|Any CPU
		{EAE1044C-6E2A-4319-9D83-844B6E57C743}.Release|Any CPU.ActiveCfg = Release|Any CPU
		{EAE1044C-6E2A-4319-9D83-844B6E57C743}.Release|Any CPU.Build.0 = Release|Any CPU
	EndGlobalSection
	GlobalSection(SolutionProperties) = preSolution
		HideSolutionNode = FALSE
	EndGlobalSection
	GlobalSection(ExtensibilityGlobals) = postSolution
		SolutionGuid = {AB50F81B-4F58-4BC4-B776-2BFC1EA8D064}
	EndGlobalSection
EndGlobal
